
Microsoft Visual Studio Solution File, Format Version 12.00
# Visual Studio Version 17
VisualStudioVersion = 17.0.32112.339
MinimumVisualStudioVersion = 10.0.40219.1
Project("{9A19103F-16F7-4668-BE54-9A1E7A4F7556}") = "BankCards", "BankCards\BankCards.csproj", "{2A7A2A71-69C9-43C7-917B-18249252020D}"
EndProject
Project("{9A19103F-16F7-4668-BE54-9A1E7A4F7556}") = "DataAbstraction", "DataAbstraction\DataAbstraction.csproj", "{CAB12222-22A5-45CA-9780-7E69DECBC7A1}"
EndProject
Project("{9A19103F-16F7-4668-BE54-9A1E7A4F7556}") = "DataBaseRepositoryEF", "DataBaseRepositoryEF\DataBaseRepositoryEF.csproj", "{74A5C060-E89B-47ED-AB23-296770CF58FF}"
EndProject
Project("{9A19103F-16F7-4668-BE54-9A1E7A4F7556}") = "DataBaseRepository", "DataBaseRepository\DataBaseRepository.csproj", "{849C2676-05BD-4E5E-8C85-A389A4FCC873}"
EndProject
Project("{9A19103F-16F7-4668-BE54-9A1E7A4F7556}") = "DataValidationService", "DataValidationService\DataValidationService.csproj", "{A0C3BB6E-25BB-4AC2-9534-FBAAE5271DBC}"
EndProject
Project("{9A19103F-16F7-4668-BE54-9A1E7A4F7556}") = "AuthService", "AuthService\AuthService.csproj", "{23399A26-A0E2-4925-8E82-3370648A8FFC}"
EndProject
Project("{9A19103F-16F7-4668-BE54-9A1E7A4F7556}") = "DataBaseAuthRepository", "AuthRepository\DataBaseAuthRepository.csproj", "{BEE1D036-E863-416F-9911-9CE6BC2F2DF8}"
EndProject
Project("{9A19103F-16F7-4668-BE54-9A1E7A4F7556}") = "StrongNameSignedLogonGenerator", "StrongNameSignedLogonGenerator\StrongNameSignedLogonGenerator.csproj", "{61CFB47A-9DE5-473D-84FB-1063A6D41BE5}"
EndProject
Project("{FAE04EC0-301F-11D3-BF4B-00C04F79EFBC}") = "AutoMapperLib", "AutoMapperLib\AutoMapperLib.csproj", "{6D1C5C78-6433-47D7-9FFC-B642E74B339F}"
EndProject
Project("{FAE04EC0-301F-11D3-BF4B-00C04F79EFBC}") = "AbstractFactoryBankCards", "AbstractFactoryBancCards\AbstractFactoryBankCards.csproj", "{21C9C03B-03F2-4704-B247-68AF7D71D815}"
EndProject
Global
	GlobalSection(SolutionConfigurationPlatforms) = preSolution
		Debug|Any CPU = Debug|Any CPU
		Release|Any CPU = Release|Any CPU
	EndGlobalSection
	GlobalSection(ProjectConfigurationPlatforms) = postSolution
		{2A7A2A71-69C9-43C7-917B-18249252020D}.Debug|Any CPU.ActiveCfg = Debug|Any CPU
		{2A7A2A71-69C9-43C7-917B-18249252020D}.Debug|Any CPU.Build.0 = Debug|Any CPU
		{2A7A2A71-69C9-43C7-917B-18249252020D}.Release|Any CPU.ActiveCfg = Release|Any CPU
		{2A7A2A71-69C9-43C7-917B-18249252020D}.Release|Any CPU.Build.0 = Release|Any CPU
		{CAB12222-22A5-45CA-9780-7E69DECBC7A1}.Debug|Any CPU.ActiveCfg = Debug|Any CPU
		{CAB12222-22A5-45CA-9780-7E69DECBC7A1}.Debug|Any CPU.Build.0 = Debug|Any CPU
		{CAB12222-22A5-45CA-9780-7E69DECBC7A1}.Release|Any CPU.ActiveCfg = Release|Any CPU
		{CAB12222-22A5-45CA-9780-7E69DECBC7A1}.Release|Any CPU.Build.0 = Release|Any CPU
		{74A5C060-E89B-47ED-AB23-296770CF58FF}.Debug|Any CPU.ActiveCfg = Debug|Any CPU
		{74A5C060-E89B-47ED-AB23-296770CF58FF}.Debug|Any CPU.Build.0 = Debug|Any CPU
		{74A5C060-E89B-47ED-AB23-296770CF58FF}.Release|Any CPU.ActiveCfg = Release|Any CPU
		{74A5C060-E89B-47ED-AB23-296770CF58FF}.Release|Any CPU.Build.0 = Release|Any CPU
		{849C2676-05BD-4E5E-8C85-A389A4FCC873}.Debug|Any CPU.ActiveCfg = Debug|Any CPU
		{849C2676-05BD-4E5E-8C85-A389A4FCC873}.Debug|Any CPU.Build.0 = Debug|Any CPU
		{849C2676-05BD-4E5E-8C85-A389A4FCC873}.Release|Any CPU.ActiveCfg = Release|Any CPU
		{849C2676-05BD-4E5E-8C85-A389A4FCC873}.Release|Any CPU.Build.0 = Release|Any CPU
		{A0C3BB6E-25BB-4AC2-9534-FBAAE5271DBC}.Debug|Any CPU.ActiveCfg = Debug|Any CPU
		{A0C3BB6E-25BB-4AC2-9534-FBAAE5271DBC}.Debug|Any CPU.Build.0 = Debug|Any CPU
		{A0C3BB6E-25BB-4AC2-9534-FBAAE5271DBC}.Release|Any CPU.ActiveCfg = Release|Any CPU
		{A0C3BB6E-25BB-4AC2-9534-FBAAE5271DBC}.Release|Any CPU.Build.0 = Release|Any CPU
		{23399A26-A0E2-4925-8E82-3370648A8FFC}.Debug|Any CPU.ActiveCfg = Debug|Any CPU
		{23399A26-A0E2-4925-8E82-3370648A8FFC}.Debug|Any CPU.Build.0 = Debug|Any CPU
		{23399A26-A0E2-4925-8E82-3370648A8FFC}.Release|Any CPU.ActiveCfg = Release|Any CPU
		{23399A26-A0E2-4925-8E82-3370648A8FFC}.Release|Any CPU.Build.0 = Release|Any CPU
		{BEE1D036-E863-416F-9911-9CE6BC2F2DF8}.Debug|Any CPU.ActiveCfg = Debug|Any CPU
		{BEE1D036-E863-416F-9911-9CE6BC2F2DF8}.Debug|Any CPU.Build.0 = Debug|Any CPU
		{BEE1D036-E863-416F-9911-9CE6BC2F2DF8}.Release|Any CPU.ActiveCfg = Release|Any CPU
		{BEE1D036-E863-416F-9911-9CE6BC2F2DF8}.Release|Any CPU.Build.0 = Release|Any CPU
		{61CFB47A-9DE5-473D-84FB-1063A6D41BE5}.Debug|Any CPU.ActiveCfg = Debug|Any CPU
		{61CFB47A-9DE5-473D-84FB-1063A6D41BE5}.Debug|Any CPU.Build.0 = Debug|Any CPU
		{61CFB47A-9DE5-473D-84FB-1063A6D41BE5}.Release|Any CPU.ActiveCfg = Release|Any CPU
		{61CFB47A-9DE5-473D-84FB-1063A6D41BE5}.Release|Any CPU.Build.0 = Release|Any CPU
		{6D1C5C78-6433-47D7-9FFC-B642E74B339F}.Debug|Any CPU.ActiveCfg = Debug|Any CPU
		{6D1C5C78-6433-47D7-9FFC-B642E74B339F}.Debug|Any CPU.Build.0 = Debug|Any CPU
		{6D1C5C78-6433-47D7-9FFC-B642E74B339F}.Release|Any CPU.ActiveCfg = Release|Any CPU
		{6D1C5C78-6433-47D7-9FFC-B642E74B339F}.Release|Any CPU.Build.0 = Release|Any CPU
		{21C9C03B-03F2-4704-B247-68AF7D71D815}.Debug|Any CPU.ActiveCfg = Debug|Any CPU
		{21C9C03B-03F2-4704-B247-68AF7D71D815}.Debug|Any CPU.Build.0 = Debug|Any CPU
		{21C9C03B-03F2-4704-B247-68AF7D71D815}.Release|Any CPU.ActiveCfg = Release|Any CPU
		{21C9C03B-03F2-4704-B247-68AF7D71D815}.Release|Any CPU.Build.0 = Release|Any CPU
	EndGlobalSection
	GlobalSection(SolutionProperties) = preSolution
		HideSolutionNode = FALSE
	EndGlobalSection
	GlobalSection(ExtensibilityGlobals) = postSolution
		SolutionGuid = {1D91DC0E-B26A-480F-8FF2-4A6D829F7121}
	EndGlobalSection
EndGlobal
